
Microsoft Visual Studio Solution File, Format Version 12.00
# Visual Studio Version 16
VisualStudioVersion = 16.0.32413.511
MinimumVisualStudioVersion = 10.0.40219.1
Project("{FAE04EC0-301F-11D3-BF4B-00C04F79EFBC}") = "LRWRA", "LRWRA\LRWRA.csproj", "{FD61CCE9-B66C-4F78-996E-4B45FDD51B85}"
EndProject
Global
	GlobalSection(SolutionConfigurationPlatforms) = preSolution
		Debug|Any CPU = Debug|Any CPU
		Debug|x64 = Debug|x64
		Release|Any CPU = Release|Any CPU
		Release|x64 = Release|x64
	EndGlobalSection
	GlobalSection(ProjectConfigurationPlatforms) = postSolution
		{FD61CCE9-B66C-4F78-996E-4B45FDD51B85}.Debug|Any CPU.ActiveCfg = Debug|Any CPU
		{FD61CCE9-B66C-4F78-996E-4B45FDD51B85}.Debug|Any CPU.Build.0 = Debug|Any CPU
		{FD61CCE9-B66C-4F78-996E-4B45FDD51B85}.Debug|x64.ActiveCfg = Debug|Any CPU
		{FD61CCE9-B66C-4F78-996E-4B45FDD51B85}.Debug|x64.Build.0 = Debug|Any CPU
		{FD61CCE9-B66C-4F78-996E-4B45FDD51B85}.Release|Any CPU.ActiveCfg = Release|Any CPU
		{FD61CCE9-B66C-4F78-996E-4B45FDD51B85}.Release|Any CPU.Build.0 = Release|Any CPU
		{FD61CCE9-B66C-4F78-996E-4B45FDD51B85}.Release|x64.ActiveCfg = Release|Any CPU
		{FD61CCE9-B66C-4F78-996E-4B45FDD51B85}.Release|x64.Build.0 = Release|Any CPU
	EndGlobalSection
	GlobalSection(SolutionProperties) = preSolution
		HideSolutionNode = FALSE
	EndGlobalSection
	GlobalSection(ExtensibilityGlobals) = postSolution
		SolutionGuid = {932D2515-9592-44F4-B011-86565075B0C0}
	EndGlobalSection
EndGlobal
